
Microsoft Visual Studio Solution File, Format Version 12.00
# Visual Studio Version 16
VisualStudioVersion = 16.0.29424.173
MinimumVisualStudioVersion = 10.0.40219.1
Project("{FAE04EC0-301F-11D3-BF4B-00C04F79EFBC}") = "Linked ID", "Linked ID\Linked ID.csproj", "{B631C1B6-BFDD-49D5-BD0F-F1F66550A71A}"
EndProject
Global
	GlobalSection(SolutionConfigurationPlatforms) = preSolution
		Debug|Any CPU = Debug|Any CPU
		Release|Any CPU = Release|Any CPU
	EndGlobalSection
	GlobalSection(ProjectConfigurationPlatforms) = postSolution
		{B631C1B6-BFDD-49D5-BD0F-F1F66550A71A}.Debug|Any CPU.ActiveCfg = Debug|Any CPU
		{B631C1B6-BFDD-49D5-BD0F-F1F66550A71A}.Debug|Any CPU.Build.0 = Debug|Any CPU
		{B631C1B6-BFDD-49D5-BD0F-F1F66550A71A}.Release|Any CPU.ActiveCfg = Release|Any CPU
		{B631C1B6-BFDD-49D5-BD0F-F1F66550A71A}.Release|Any CPU.Build.0 = Release|Any CPU
	EndGlobalSection
	GlobalSection(SolutionProperties) = preSolution
		HideSolutionNode = FALSE
	EndGlobalSection
	GlobalSection(ExtensibilityGlobals) = postSolution
		SolutionGuid = {854E7F86-0F66-4C7C-92C1-5A2281942604}
	EndGlobalSection
EndGlobal
